
Microsoft Visual Studio Solution File, Format Version 12.00
# Visual Studio Version 17
VisualStudioVersion = 17.8.34309.116
MinimumVisualStudioVersion = 10.0.40219.1
Project("{9A19103F-16F7-4668-BE54-9A1E7A4F7556}") = "BlazingTrails.Client", "BlazingTrails.Client\BlazingTrails.Client.csproj", "{84605C35-7643-4529-B1F0-17666C70907E}"
EndProject
Project("{9A19103F-16F7-4668-BE54-9A1E7A4F7556}") = "BlazingTrails.API", "BlazingTrails.API\BlazingTrails.API.csproj", "{910878AC-4BC6-4A1B-9BD6-3A2985559C37}"
EndProject
Project("{9A19103F-16F7-4668-BE54-9A1E7A4F7556}") = "BlazingTrails.Shared", "BlazingTrails.Shared\BlazingTrails.Shared.csproj", "{1D274F09-346B-4C41-8179-BE29FA938469}"
EndProject
Global
	GlobalSection(SolutionConfigurationPlatforms) = preSolution
		Debug|Any CPU = Debug|Any CPU
		Release|Any CPU = Release|Any CPU
	EndGlobalSection
	GlobalSection(ProjectConfigurationPlatforms) = postSolution
		{84605C35-7643-4529-B1F0-17666C70907E}.Debug|Any CPU.ActiveCfg = Debug|Any CPU
		{84605C35-7643-4529-B1F0-17666C70907E}.Debug|Any CPU.Build.0 = Debug|Any CPU
		{84605C35-7643-4529-B1F0-17666C70907E}.Release|Any CPU.ActiveCfg = Release|Any CPU
		{84605C35-7643-4529-B1F0-17666C70907E}.Release|Any CPU.Build.0 = Release|Any CPU
		{910878AC-4BC6-4A1B-9BD6-3A2985559C37}.Debug|Any CPU.ActiveCfg = Debug|Any CPU
		{910878AC-4BC6-4A1B-9BD6-3A2985559C37}.Debug|Any CPU.Build.0 = Debug|Any CPU
		{910878AC-4BC6-4A1B-9BD6-3A2985559C37}.Release|Any CPU.ActiveCfg = Release|Any CPU
		{910878AC-4BC6-4A1B-9BD6-3A2985559C37}.Release|Any CPU.Build.0 = Release|Any CPU
		{1D274F09-346B-4C41-8179-BE29FA938469}.Debug|Any CPU.ActiveCfg = Debug|Any CPU
		{1D274F09-346B-4C41-8179-BE29FA938469}.Debug|Any CPU.Build.0 = Debug|Any CPU
		{1D274F09-346B-4C41-8179-BE29FA938469}.Release|Any CPU.ActiveCfg = Release|Any CPU
		{1D274F09-346B-4C41-8179-BE29FA938469}.Release|Any CPU.Build.0 = Release|Any CPU
	EndGlobalSection
	GlobalSection(SolutionProperties) = preSolution
		HideSolutionNode = FALSE
	EndGlobalSection
	GlobalSection(ExtensibilityGlobals) = postSolution
		SolutionGuid = {48DB5146-A202-4A04-AA74-6CE5AD97D10A}
	EndGlobalSection
EndGlobal
